PODS:
  - AEOTPTextField (1.2.6)
  - DGCharts (5.1.0):
    - DGCharts/Core (= 5.1.0)
  - DGCharts/Core (5.1.0)
  - Koloda (5.0.1):
    - pop (~> 1.0)
  - lottie-ios (4.5.2)
  - Malert (4.2)
  - pop (1.0.12)

DEPENDENCIES:
  - AEOTPTextField
  - DGCharts
  - Koloda
  - lottie-ios
  - Malert

SPEC REPOS:
  trunk:
    - AEOTPTextField
    - DGCharts
    - Koloda
    - lottie-ios
    - Malert
    - pop

SPEC CHECKSUMS:
  AEOTPTextField: a275823fde05601c5da7f8fb66aaecb41289b370
  DGCharts: 1c6daf585b6cfc78807af44ea690d357c410627f
  Koloda: d07b9199a383abc5898b62aa945a599f5e7c0c4b
  lottie-ios: 96784afc26ea031d3e2b6cae342a4b8915072489
  Malert: 4327c2aab8aab459824ebf647195cfb6b5cd06a4
  pop: d582054913807fd11fd50bfe6a539d91c7e1a55a

PODFILE CHECKSUM: 474d145064c01091733ef314a6120595c1b10827

COCOAPODS: 1.16.2
